{
  "name": "login",
  "version": "1.0.0",
  "lockfileVersion": 1,
  "requires": true,
  "dependencies": {
    "@fortawesome/fontawesome-free": {
      "version": "5.13.1",
      "resolved": "https://registry.npmjs.org/@fortawesome/fontawesome-free/-/fontawesome-free-5.13.1.tgz",
      "integrity": "sha512-D819f34FLHeBN/4xvw0HR0u7U2G7RqjPSggXqf7LktsxWQ48VAfGwvMrhcVuaZV2fF069c/619RdgCCms0DHhw=="
    },
    "toaster-js": {
      "version": "2.2.3",
      "resolved": "https://registry.npmjs.org/toaster-js/-/toaster-js-2.2.3.tgz",
      "integrity": "sha512-WOJNEL6x8tltfDoWmdlJ7BDEWmUVqRHvZ8d+htDaRzwMWHwO83M2p+RKlC9cob2pFjo48xRnsBZzYL413xMN+Q=="
    }
  }
}
